
Microsoft Visual Studio Solution File, Format Version 10.00
# Visual Studio 2008
Project("{FAE04EC0-301F-11D3-BF4B-00C04F79EFBC}") = "VaultCreateFromTemplate", "VaultCreateFromTemplate\VaultCreateFromTemplate.csproj", "{9F1A34EA-95C2-4474-8DB7-9D22F82A132D}"
EndProject
Global
	GlobalSection(SolutionConfigurationPlatforms) = preSolution
		Debug|Any CPU = Debug|Any CPU
		Release|Any CPU = Release|Any CPU
	EndGlobalSection
	GlobalSection(ProjectConfigurationPlatforms) = postSolution
		{9F1A34EA-95C2-4474-8DB7-9D22F82A132D}.Debug|Any CPU.ActiveCfg = Debug|Any CPU
		{9F1A34EA-95C2-4474-8DB7-9D22F82A132D}.Debug|Any CPU.Build.0 = Debug|Any CPU
		{9F1A34EA-95C2-4474-8DB7-9D22F82A132D}.Release|Any CPU.ActiveCfg = Release|Any CPU
		{9F1A34EA-95C2-4474-8DB7-9D22F82A132D}.Release|Any CPU.Build.0 = Release|Any CPU
	EndGlobalSection
	GlobalSection(SolutionProperties) = preSolution
		HideSolutionNode = FALSE
	EndGlobalSection
EndGlobal
