
Microsoft Visual Studio Solution File, Format Version 10.00
# Visual Studio 2008
Project("{F184B08F-C81C-45F6-A57F-5ABD9991F28F}") = "VaultVersion", "VaultVersion.vbproj", "{1DCDBFDF-FB6D-4F0B-B3B5-23E57530014C}"
EndProject
Global
	GlobalSection(SolutionConfigurationPlatforms) = preSolution
		Debug|Any CPU = Debug|Any CPU
		Release|Any CPU = Release|Any CPU
	EndGlobalSection
	GlobalSection(ProjectConfigurationPlatforms) = postSolution
		{1DCDBFDF-FB6D-4F0B-B3B5-23E57530014C}.Debug|Any CPU.ActiveCfg = Debug|Any CPU
		{1DCDBFDF-FB6D-4F0B-B3B5-23E57530014C}.Debug|Any CPU.Build.0 = Debug|Any CPU
		{1DCDBFDF-FB6D-4F0B-B3B5-23E57530014C}.Release|Any CPU.ActiveCfg = Release|Any CPU
		{1DCDBFDF-FB6D-4F0B-B3B5-23E57530014C}.Release|Any CPU.Build.0 = Release|Any CPU
	EndGlobalSection
	GlobalSection(SolutionProperties) = preSolution
		HideSolutionNode = FALSE
	EndGlobalSection
EndGlobal
